{
  "object": {
    "pins": [
      {
        "package": "XMLCoder",
        "repositoryURL": "https://github.com/maxdesiatov/XMLCoder.git",
        "state": {
          "branch": null,
          "revision": "ca932442d7481700f5434a7b138c47dd42d9902b",
          "version": "0.14.0"
        }
      },
      {
        "package": "ZIPFoundation",
        "repositoryURL": "https://github.com/snksnksnk/ZIPFoundation.git",
        "state": {
          "branch": "chore/swift6",
          "revision": "1a3cb49322f5d73982a05ac598e65cab800aecb3",
          "version": null
        }
      }
    ]
  },
  "version": 1
}
